// !$*UTF8*$!
{
	archiveVersion = 1;
	classes = {
	};
	objectVersion = 56;
	objects = {

/* Begin PBXBuildFile section */
		17166BA22923F0F60012BED5 /* RecipeData.swift in Sources */ = {isa = PBXBuildFile; fileRef = 17166BA12923F0F60012BED5 /* RecipeData.swift */; };
		17166BA62923F5590012BED5 /* RecipeDetailView.swift in Sources */ = {isa = PBXBuildFile; fileRef = 17166BA52923F5590012BED5 /* RecipeDetailView.swift */; };
		17166BA82923FB510012BED5 /* AppColor.swift in Sources */ = {isa = PBXBuildFile; fileRef = 17166BA72923FB510012BED5 /* AppColor.swift */; };
		177D59932922A8C300DB58C8 /* CookcademyApp.swift in Sources */ = {isa = PBXBuildFile; fileRef = 177D59922922A8C300DB58C8 /* CookcademyApp.swift */; };
		177D59952922A8C300DB58C8 /* RecipesListView.swift in Sources */ = {isa = PBXBuildFile; fileRef = 177D59942922A8C300DB58C8 /* RecipesListView.swift */; };
		177D59972922A8C500DB58C8 /* Assets.xcassets in Resources */ = {isa = PBXBuildFile; fileRef = 177D59962922A8C500DB58C8 /* Assets.xcassets */; };
		177D599A2922A8C500DB58C8 /* Preview Assets.xcassets in Resources */ = {isa = PBXBuildFile; fileRef = 177D59992922A8C500DB58C8 /* Preview Assets.xcassets */; };
		177D59A12922AC5500DB58C8 /* Receipe.swift in Sources */ = {isa = PBXBuildFile; fileRef = 177D59A02922AC5500DB58C8 /* Receipe.swift */; };
		177D59A42922B41B00DB58C8 /* AllRecipes.swift in Sources */ = {isa = PBXBuildFile; fileRef = 177D59A32922B41B00DB58C8 /* AllRecipes.swift */; };
		17CCC2B5292515590029A953 /* RecipeCategoryGridView.swift in Sources */ = {isa = PBXBuildFile; fileRef = 17CCC2B4292515590029A953 /* RecipeCategoryGridView.swift */; };
		17CCC2D62925264B0029A953 /* ModifyRecipeView.swift in Sources */ = {isa = PBXBuildFile; fileRef = 17CCC2D52925264B0029A953 /* ModifyRecipeView.swift */; };
/* End PBXBuildFile section */

/* Begin PBXFileReference section */
		17166BA12923F0F60012BED5 /* RecipeData.swift */ = {isa = PBXFileReference; lastKnownFileType = sourcecode.swift; path = RecipeData.swift; sourceTree = "<group>"; };
		17166BA52923F5590012BED5 /* RecipeDetailView.swift */ = {isa = PBXFileReference; lastKnownFileType = sourcecode.swift; path = RecipeDetailView.swift; sourceTree = "<group>"; };
		17166BA72923FB510012BED5 /* AppColor.swift */ = {isa = PBXFileReference; lastKnownFileType = sourcecode.swift; path = AppColor.swift; sourceTree = "<group>"; };
		177D598F2922A8C300DB58C8 /* Cookcademy.app */ = {isa = PBXFileReference; explicitFileType = wrapper.application; includeInIndex = 0; path = Cookcademy.app; sourceTree = BUILT_PRODUCTS_DIR; };
		177D59922922A8C300DB58C8 /* CookcademyApp.swift */ = {isa = PBXFileReference; lastKnownFileType = sourcecode.swift; path = CookcademyApp.swift; sourceTree = "<group>"; };
		177D59942922A8C300DB58C8 /* RecipesListView.swift */ = {isa = PBXFileReference; lastKnownFileType = sourcecode.swift; path = RecipesListView.swift; sourceTree = "<group>"; };
		177D59962922A8C500DB58C8 /* Assets.xcassets */ = {isa = PBXFileReference; lastKnownFileType = folder.assetcatalog; path = Assets.xcassets; sourceTree = "<group>"; };
		177D59992922A8C500DB58C8 /* Preview Assets.xcassets */ = {isa = PBXFileReference; lastKnownFileType = folder.assetcatalog; path = "Preview Assets.xcassets"; sourceTree = "<group>"; };
		177D59A02922AC5500DB58C8 /* Receipe.swift */ = {isa = PBXFileReference; lastKnownFileType = sourcecode.swift; path = Receipe.swift; sourceTree = "<group>"; };
		177D59A32922B41B00DB58C8 /* AllRecipes.swift */ = {isa = PBXFileReference; lastKnownFileType = sourcecode.swift; path = AllRecipes.swift; sourceTree = "<group>"; };
		17CCC2B4292515590029A953 /* RecipeCategoryGridView.swift */ = {isa = PBXFileReference; lastKnownFileType = sourcecode.swift; path = RecipeCategoryGridView.swift; sourceTree = "<group>"; };
		17CCC2D52925264B0029A953 /* ModifyRecipeView.swift */ = {isa = PBXFileReference; lastKnownFileType = sourcecode.swift; path = ModifyRecipeView.swift; sourceTree = "<group>"; };
/* End PBXFileReference section */

/* Begin PBXFrameworksBuildPhase section */
		177D598C2922A8C300DB58C8 /* Frameworks */ = {
			isa = PBXFrameworksBuildPhase;
			buildActionMask = 2147483647;
			files = (
			);
			runOnlyForDeploymentPostprocessing = 0;
		};
/* End PBXFrameworksBuildPhase section */

/* Begin PBXGroup section */
		174AF8E62923D62F004502B8 /* Views */ = {
			isa = PBXGroup;
			children = (
				17CCC2D4292526190029A953 /* ModifyRecipes */,
				17CCC2D3292526020029A953 /* ExploreRecipes */,
			);
			path = Views;
			sourceTree = "<group>";
		};
		174AF8E72923D63B004502B8 /* ViewModels */ = {
			isa = PBXGroup;
			children = (
				17166BA72923FB510012BED5 /* AppColor.swift */,
				17166BA12923F0F60012BED5 /* RecipeData.swift */,
			);
			path = ViewModels;
			sourceTree = "<group>";
		};
		177D59862922A8C300DB58C8 = {
			isa = PBXGroup;
			children = (
				177D59912922A8C300DB58C8 /* Cookcademy */,
				177D59902922A8C300DB58C8 /* Products */,
			);
			sourceTree = "<group>";
		};
		177D59902922A8C300DB58C8 /* Products */ = {
			isa = PBXGroup;
			children = (
				177D598F2922A8C300DB58C8 /* Cookcademy.app */,
			);
			name = Products;
			sourceTree = "<group>";
		};
		177D59912922A8C300DB58C8 /* Cookcademy */ = {
			isa = PBXGroup;
			children = (
				177D59922922A8C300DB58C8 /* CookcademyApp.swift */,
				177D59A22922AC5A00DB58C8 /* Models */,
				174AF8E62923D62F004502B8 /* Views */,
				174AF8E72923D63B004502B8 /* ViewModels */,
				177D59962922A8C500DB58C8 /* Assets.xcassets */,
				177D59982922A8C500DB58C8 /* Preview Content */,
			);
			path = Cookcademy;
			sourceTree = "<group>";
		};
		177D59982922A8C500DB58C8 /* Preview Content */ = {
			isa = PBXGroup;
			children = (
				177D59992922A8C500DB58C8 /* Preview Assets.xcassets */,
			);
			path = "Preview Content";
			sourceTree = "<group>";
		};
		177D59A22922AC5A00DB58C8 /* Models */ = {
			isa = PBXGroup;
			children = (
				177D59A02922AC5500DB58C8 /* Receipe.swift */,
				177D59A32922B41B00DB58C8 /* AllRecipes.swift */,
			);
			path = Models;
			sourceTree = "<group>";
		};
		17CCC2D3292526020029A953 /* ExploreRecipes */ = {
			isa = PBXGroup;
			children = (
				177D59942922A8C300DB58C8 /* RecipesListView.swift */,
				17166BA52923F5590012BED5 /* RecipeDetailView.swift */,
				17CCC2B4292515590029A953 /* RecipeCategoryGridView.swift */,
			);
			path = ExploreRecipes;
			sourceTree = "<group>";
		};
		17CCC2D4292526190029A953 /* ModifyRecipes */ = {
			isa = PBXGroup;
			children = (
				17CCC2D52925264B0029A953 /* ModifyRecipeView.swift */,
			);
			path = ModifyRecipes;
			sourceTree = "<group>";
		};
/* End PBXGroup section */

/* Begin PBXNativeTarget section */
		177D598E2922A8C300DB58C8 /* Cookcademy */ = {
			isa = PBXNativeTarget;
			buildConfigurationList = 177D599D2922A8C500DB58C8 /* Build configuration list for PBXNativeTarget "Cookcademy" */;
			buildPhases = (
				177D598B2922A8C300DB58C8 /* Sources */,
				177D598C2922A8C300DB58C8 /* Frameworks */,
				177D598D2922A8C300DB58C8 /* Resources */,
			);
			buildRules = (
			);
			dependencies = (
			);
			name = Cookcademy;
			productName = Cookcademy;
			productReference = 177D598F2922A8C300DB58C8 /* Cookcademy.app */;
			productType = "com.apple.product-type.application";
		};
/* End PBXNativeTarget section */

/* Begin PBXProject section */
		177D59872922A8C300DB58C8 /* Project object */ = {
			isa = PBXProject;
			attributes = {
				BuildIndependentTargetsInParallel = 1;
				LastSwiftUpdateCheck = 1410;
				LastUpgradeCheck = 1410;
				TargetAttributes = {
					177D598E2922A8C300DB58C8 = {
						CreatedOnToolsVersion = 14.1;
					};
				};
			};
			buildConfigurationList = 177D598A2922A8C300DB58C8 /* Build configuration list for PBXProject "Cookcademy" */;
			compatibilityVersion = "Xcode 14.0";
			developmentRegion = en;
			hasScannedForEncodings = 0;
			knownRegions = (
				en,
				Base,
			);
			mainGroup = 177D59862922A8C300DB58C8;
			productRefGroup = 177D59902922A8C300DB58C8 /* Products */;
			projectDirPath = "";
			projectRoot = "";
			targets = (
				177D598E2922A8C300DB58C8 /* Cookcademy */,
			);
		};
/* End PBXProject section */

/* Begin PBXResourcesBuildPhase section */
		177D598D2922A8C300DB58C8 /* Resources */ = {
			isa = PBXResourcesBuildPhase;
			buildActionMask = 2147483647;
			files = (
				177D599A2922A8C500DB58C8 /* Preview Assets.xcassets in Resources */,
				177D59972922A8C500DB58C8 /* Assets.xcassets in Resources */,
			);
			runOnlyForDeploymentPostprocessing = 0;
		};
/* End PBXResourcesBuildPhase section */

/* Begin PBXSourcesBuildPhase section */
		177D598B2922A8C300DB58C8 /* Sources */ = {
			isa = PBXSourcesBuildPhase;
			buildActionMask = 2147483647;
			files = (
				177D59A12922AC5500DB58C8 /* Receipe.swift in Sources */,
				17166BA62923F5590012BED5 /* RecipeDetailView.swift in Sources */,
				177D59952922A8C300DB58C8 /* RecipesListView.swift in Sources */,
				17166BA82923FB510012BED5 /* AppColor.swift in Sources */,
				17CCC2D62925264B0029A953 /* ModifyRecipeView.swift in Sources */,
				17166BA22923F0F60012BED5 /* RecipeData.swift in Sources */,
				177D59932922A8C300DB58C8 /* CookcademyApp.swift in Sources */,
				17CCC2B5292515590029A953 /* RecipeCategoryGridView.swift in Sources */,
				177D59A42922B41B00DB58C8 /* AllRecipes.swift in Sources */,
			);
			runOnlyForDeploymentPostprocessing = 0;
		};
/* End PBXSourcesBuildPhase section */

/* Begin XCBuildConfiguration section */
		177D599B2922A8C500DB58C8 /* Debug */ = {
			isa = XCBuildConfiguration;
			buildSettings = {
				ALWAYS_SEARCH_USER_PATHS = NO;
				CLANG_ANALYZER_NONNULL = YES;
				CLANG_ANALYZER_NUMBER_OBJECT_CONVERSION = YES_AGGRESSIVE;
				CLANG_CXX_LANGUAGE_STANDARD = "gnu++20";
				CLANG_ENABLE_MODULES = YES;
				CLANG_ENABLE_OBJC_ARC = YES;
				CLANG_ENABLE_OBJC_WEAK = YES;
				CLANG_WARN_BLOCK_CAPTURE_AUTORELEASING = YES;
				CLANG_WARN_BOOL_CONVERSION = YES;
				CLANG_WARN_COMMA = YES;
				CLANG_WARN_CONSTANT_CONVERSION = YES;
				CLANG_WARN_DEPRECATED_OBJC_IMPLEMENTATIONS = YES;
				CLANG_WARN_DIRECT_OBJC_ISA_USAGE = YES_ERROR;
				CLANG_WARN_DOCUMENTATION_COMMENTS = YES;
				CLANG_WARN_EMPTY_BODY = YES;
				CLANG_WARN_ENUM_CONVERSION = YES;
				CLANG_WARN_INFINITE_RECURSION = YES;
				CLANG_WARN_INT_CONVERSION = YES;
				CLANG_WARN_NON_LITERAL_NULL_CONVERSION = YES;
				CLANG_WARN_OBJC_IMPLICIT_RETAIN_SELF = YES;
				CLANG_WARN_OBJC_LITERAL_CONVERSION = YES;
				CLANG_WARN_OBJC_ROOT_CLASS = YES_ERROR;
				CLANG_WARN_QUOTED_INCLUDE_IN_FRAMEWORK_HEADER = YES;
				CLANG_WARN_RANGE_LOOP_ANALYSIS = YES;
				CLANG_WARN_STRICT_PROTOTYPES = YES;
				CLANG_WARN_SUSPICIOUS_MOVE = YES;
				CLANG_WARN_UNGUARDED_AVAILABILITY = YES_AGGRESSIVE;
				CLANG_WARN_UNREACHABLE_CODE = YES;
				CLANG_WARN__DUPLICATE_METHOD_MATCH = YES;
				COPY_PHASE_STRIP = NO;
				DEBUG_INFORMATION_FORMAT = dwarf;
				ENABLE_STRICT_OBJC_MSGSEND = YES;
				ENABLE_TESTABILITY = YES;
				GCC_C_LANGUAGE_STANDARD = gnu11;
				GCC_DYNAMIC_NO_PIC = NO;
				GCC_NO_COMMON_BLOCKS = YES;
				GCC_OPTIMIZATION_LEVEL = 0;
				GCC_PREPROCESSOR_DEFINITIONS = (
					"DEBUG=1",
					"$(inherited)",
				);
				GCC_WARN_64_TO_32_BIT_CONVERSION = YES;
				GCC_WARN_ABOUT_RETURN_TYPE = YES_ERROR;
				GCC_WARN_UNDECLARED_SELECTOR = YES;
				GCC_WARN_UNINITIALIZED_AUTOS = YES_AGGRESSIVE;
				GCC_WARN_UNUSED_FUNCTION = YES;
				GCC_WARN_UNUSED_VARIABLE = YES;
				IPHONEOS_DEPLOYMENT_TARGET = 16.1;
				MTL_ENABLE_DEBUG_INFO = INCLUDE_SOURCE;
				MTL_FAST_MATH = YES;
				ONLY_ACTIVE_ARCH = YES;
				SDKROOT = iphoneos;
				SWIFT_ACTIVE_COMPILATION_CONDITIONS = DEBUG;
				SWIFT_OPTIMIZATION_LEVEL = "-Onone";
			};
			name = Debug;
		};
		177D599C2922A8C500DB58C8 /* Release */ = {
			isa = XCBuildConfiguration;
			buildSettings = {
				ALWAYS_SEARCH_USER_PATHS = NO;
				CLANG_ANALYZER_NONNULL = YES;
				CLANG_ANALYZER_NUMBER_OBJECT_CONVERSION = YES_AGGRESSIVE;
				CLANG_CXX_LANGUAGE_STANDARD = "gnu++20";
				CLANG_ENABLE_MODULES = YES;
				CLANG_ENABLE_OBJC_ARC = YES;
				CLANG_ENABLE_OBJC_WEAK = YES;
				CLANG_WARN_BLOCK_CAPTURE_AUTORELEASING = YES;
				CLANG_WARN_BOOL_CONVERSION = YES;
				CLANG_WARN_COMMA = YES;
				CLANG_WARN_CONSTANT_CONVERSION = YES;
				CLANG_WARN_DEPRECATED_OBJC_IMPLEMENTATIONS = YES;
				CLANG_WARN_DIRECT_OBJC_ISA_USAGE = YES_ERROR;
				CLANG_WARN_DOCUMENTATION_COMMENTS = YES;
				CLANG_WARN_EMPTY_BODY = YES;
				CLANG_WARN_ENUM_CONVERSION = YES;
				CLANG_WARN_INFINITE_RECURSION = YES;
				CLANG_WARN_INT_CONVERSION = YES;
				CLANG_WARN_NON_LITERAL_NULL_CONVERSION = YES;
				CLANG_WARN_OBJC_IMPLICIT_RETAIN_SELF = YES;
				CLANG_WARN_OBJC_LITERAL_CONVERSION = YES;
				CLANG_WARN_OBJC_ROOT_CLASS = YES_ERROR;
				CLANG_WARN_QUOTED_INCLUDE_IN_FRAMEWORK_HEADER = YES;
				CLANG_WARN_RANGE_LOOP_ANALYSIS = YES;
				CLANG_WARN_STRICT_PROTOTYPES = YES;
				CLANG_WARN_SUSPICIOUS_MOVE = YES;
				CLANG_WARN_UNGUARDED_AVAILABILITY = YES_AGGRESSIVE;
				CLANG_WARN_UNREACHABLE_CODE = YES;
				CLANG_WARN__DUPLICATE_METHOD_MATCH = YES;
				COPY_PHASE_STRIP = NO;
				DEBUG_INFORMATION_FORMAT = "dwarf-with-dsym";
				ENABLE_NS_ASSERTIONS = NO;
				ENABLE_STRICT_OBJC_MSGSEND = YES;
				GCC_C_LANGUAGE_STANDARD = gnu11;
				GCC_NO_COMMON_BLOCKS = YES;
				GCC_WARN_64_TO_32_BIT_CONVERSION = YES;
				GCC_WARN_ABOUT_RETURN_TYPE = YES_ERROR;
				GCC_WARN_UNDECLARED_SELECTOR = YES;
				GCC_WARN_UNINITIALIZED_AUTOS = YES_AGGRESSIVE;
				GCC_WARN_UNUSED_FUNCTION = YES;
				GCC_WARN_UNUSED_VARIABLE = YES;
				IPHONEOS_DEPLOYMENT_TARGET = 16.1;
				MTL_ENABLE_DEBUG_INFO = NO;
				MTL_FAST_MATH = YES;
				SDKROOT = iphoneos;
				SWIFT_COMPILATION_MODE = wholemodule;
				SWIFT_OPTIMIZATION_LEVEL = "-O";
				VALIDATE_PRODUCT = YES;
			};
			name = Release;
		};
		177D599E2922A8C500DB58C8 /* Debug */ = {
			isa = XCBuildConfiguration;
			buildSettings = {
				ASSETCATALOG_COMPILER_APPICON_NAME = AppIcon;
				ASSETCATALOG_COMPILER_GLOBAL_ACCENT_COLOR_NAME = AccentColor;
				CODE_SIGN_STYLE = Automatic;
				CURRENT_PROJECT_VERSION = 1;
				DEVELOPMENT_ASSET_PATHS = "\"Cookcademy/Preview Content\"";
				DEVELOPMENT_TEAM = QFN7P6T3H7;
				ENABLE_PREVIEWS = YES;
				GENERATE_INFOPLIST_FILE = YES;
				INFOPLIST_KEY_UIApplicationSceneManifest_Generation = YES;
				INFOPLIST_KEY_UIApplicationSupportsIndirectInputEvents = YES;
				INFOPLIST_KEY_UILaunchScreen_Generation = YES;
				INFOPLIST_KEY_UISupportedInterfaceOrientations_iPad = "UIInterfaceOrientationPortrait UIInterfaceOrientationPortraitUpsideDown UIInterfaceOrientationLandscapeLeft UIInterfaceOrientationLandscapeRight";
				INFOPLIST_KEY_UISupportedInterfaceOrientations_iPhone = "UIInterfaceOrientationPortrait UIInterfaceOrientationLandscapeLeft UIInterfaceOrientationLandscapeRight";
				LD_RUNPATH_SEARCH_PATHS = (
					"$(inherited)",
					"@executable_path/Frameworks",
				);
				MARKETING_VERSION = 1.0;
				PRODUCT_BUNDLE_IDENTIFIER = ua.Cookcademy;
				PRODUCT_NAME = "$(TARGET_NAME)";
				SWIFT_EMIT_LOC_STRINGS = YES;
				SWIFT_VERSION = 5.0;
				TARGETED_DEVICE_FAMILY = "1,2";
			};
			name = Debug;
		};
		177D599F2922A8C500DB58C8 /* Release */ = {
			isa = XCBuildConfiguration;
			buildSettings = {
				ASSETCATALOG_COMPILER_APPICON_NAME = AppIcon;
				ASSETCATALOG_COMPILER_GLOBAL_ACCENT_COLOR_NAME = AccentColor;
				CODE_SIGN_STYLE = Automatic;
				CURRENT_PROJECT_VERSION = 1;
				DEVELOPMENT_ASSET_PATHS = "\"Cookcademy/Preview Content\"";
				DEVELOPMENT_TEAM = QFN7P6T3H7;
				ENABLE_PREVIEWS = YES;
				GENERATE_INFOPLIST_FILE = YES;
				INFOPLIST_KEY_UIApplicationSceneManifest_Generation = YES;
				INFOPLIST_KEY_UIApplicationSupportsIndirectInputEvents = YES;
				INFOPLIST_KEY_UILaunchScreen_Generation = YES;
				INFOPLIST_KEY_UISupportedInterfaceOrientations_iPad = "UIInterfaceOrientationPortrait UIInterfaceOrientationPortraitUpsideDown UIInterfaceOrientationLandscapeLeft UIInterfaceOrientationLandscapeRight";
				INFOPLIST_KEY_UISupportedInterfaceOrientations_iPhone = "UIInterfaceOrientationPortrait UIInterfaceOrientationLandscapeLeft UIInterfaceOrientationLandscapeRight";
				LD_RUNPATH_SEARCH_PATHS = (
					"$(inherited)",
					"@executable_path/Frameworks",
				);
				MARKETING_VERSION = 1.0;
				PRODUCT_BUNDLE_IDENTIFIER = ua.Cookcademy;
				PRODUCT_NAME = "$(TARGET_NAME)";
				SWIFT_EMIT_LOC_STRINGS = YES;
				SWIFT_VERSION = 5.0;
				TARGETED_DEVICE_FAMILY = "1,2";
			};
			name = Release;
		};
/* End XCBuildConfiguration section */

/* Begin XCConfigurationList section */
		177D598A2922A8C300DB58C8 /* Build configuration list for PBXProject "Cookcademy" */ = {
			isa = XCConfigurationList;
			buildConfigurations = (
				177D599B2922A8C500DB58C8 /* Debug */,
				177D599C2922A8C500DB58C8 /* Release */,
			);
			defaultConfigurationIsVisible = 0;
			defaultConfigurationName = Release;
		};
		177D599D2922A8C500DB58C8 /* Build configuration list for PBXNativeTarget "Cookcademy" */ = {
			isa = XCConfigurationList;
			buildConfigurations = (
				177D599E2922A8C500DB58C8 /* Debug */,
				177D599F2922A8C500DB58C8 /* Release */,
			);
			defaultConfigurationIsVisible = 0;
			defaultConfigurationName = Release;
		};
/* End XCConfigurationList section */
	};
	rootObject = 177D59872922A8C300DB58C8 /* Project object */;
}
